// !$*UTF8*$!
{
	archiveVersion = 1;
	classes = {
	};
	objectVersion = 50;
	objects = {

/* Begin PBXBuildFile section */
		73378A651ED3E00E00F8E45F /* WorkingOnItViewController.m in Sources */ = {isa = PBXBuildFile; fileRef = 73378A631ED3E00E00F8E45F /* WorkingOnItViewController.m */; };
		73378A661ED3E00E00F8E45F /* WorkingOnItViewController.xib in Resources */ = {isa = PBXBuildFile; fileRef = 73378A641ED3E00E00F8E45F /* WorkingOnItViewController.xib */; };
		73378A6A1ED3E38D00F8E45F /* ConvertViewController.m in Sources */ = {isa = PBXBuildFile; fileRef = 73378A681ED3E38D00F8E45F /* ConvertViewController.m */; };
		73378A6B1ED3E38D00F8E45F /* ConvertViewController.xib in Resources */ = {isa = PBXBuildFile; fileRef = 73378A691ED3E38D00F8E45F /* ConvertViewController.xib */; };
		73378A731ED414BB00F8E45F /* LBXCertificate.m in Sources */ = {isa = PBXBuildFile; fileRef = 73378A6F1ED414BB00F8E45F /* LBXCertificate.m */; };
		73378A741ED414BB00F8E45F /* LBXRSAVendor.mm in Sources */ = {isa = PBXBuildFile; fileRef = 73378A711ED414BB00F8E45F /* LBXRSAVendor.mm */; };
		73378A781ED41A4100F8E45F /* ParseCertifiationController.m in Sources */ = {isa = PBXBuildFile; fileRef = 73378A761ED41A4100F8E45F /* ParseCertifiationController.m */; };
		73378A791ED41A4100F8E45F /* ParseCertifiationController.xib in Resources */ = {isa = PBXBuildFile; fileRef = 73378A771ED41A4100F8E45F /* ParseCertifiationController.xib */; };
		733FE4841EC982D100046FBA /* LBXBigNum.m in Sources */ = {isa = PBXBuildFile; fileRef = 733FE4831EC982D100046FBA /* LBXBigNum.m */; };
		7340FCEB1ED6FF83007A06AD /* HistortyData.m in Sources */ = {isa = PBXBuildFile; fileRef = 7340FCEA1ED6FF83007A06AD /* HistortyData.m */; };
		7340FCEE1ED6FF8C007A06AD /* NSUserDefaults+LBXExtensions.m in Sources */ = {isa = PBXBuildFile; fileRef = 7340FCED1ED6FF8C007A06AD /* NSUserDefaults+LBXExtensions.m */; };
		73487D7D212CF3E400B8FA69 /* adler32.c in Sources */ = {isa = PBXBuildFile; fileRef = 73487D7C212CF3E400B8FA69 /* adler32.c */; };
		734F45791EC2A05200C9E56B /* NSData+LBXHash.m in Sources */ = {isa = PBXBuildFile; fileRef = 734F45681EC2A05200C9E56B /* NSData+LBXHash.m */; };
		734F457A1EC2A05200C9E56B /* NSString+LBXFileHash.m in Sources */ = {isa = PBXBuildFile; fileRef = 734F456A1EC2A05200C9E56B /* NSString+LBXFileHash.m */; };
		734F457B1EC2A05200C9E56B /* keccak.m in Sources */ = {isa = PBXBuildFile; fileRef = 734F456C1EC2A05200C9E56B /* keccak.m */; };
		734F45801EC2A05200C9E56B /* NSData+LBXCommonCrypto.m in Sources */ = {isa = PBXBuildFile; fileRef = 734F45771EC2A05200C9E56B /* NSData+LBXCommonCrypto.m */; };
		734F45831EC2A07400C9E56B /* NSData+LBXCypt.m in Sources */ = {isa = PBXBuildFile; fileRef = 734F45821EC2A07400C9E56B /* NSData+LBXCypt.m */; };
		734F45861EC2C58300C9E56B /* NSData+LBXPadding.m in Sources */ = {isa = PBXBuildFile; fileRef = 734F45851EC2C58300C9E56B /* NSData+LBXPadding.m */; };
		734F458A1EC3176600C9E56B /* CryptViewController.m in Sources */ = {isa = PBXBuildFile; fileRef = 734F45881EC3176600C9E56B /* CryptViewController.m */; };
		734F458B1EC3176600C9E56B /* CryptViewController.xib in Resources */ = {isa = PBXBuildFile; fileRef = 734F45891EC3176600C9E56B /* CryptViewController.xib */; };
		735C24751EC4547100D604C8 /* NSData+LBXSM4.m in Sources */ = {isa = PBXBuildFile; fileRef = 735C24741EC4547100D604C8 /* NSData+LBXSM4.m */; };
		735C24781EC4571E00D604C8 /* sm4.m in Sources */ = {isa = PBXBuildFile; fileRef = 735C24761EC4571E00D604C8 /* sm4.m */; };
		7385ABBF1E66934E001E74E1 /* main.m in Sources */ = {isa = PBXBuildFile; fileRef = 7385ABBE1E66934E001E74E1 /* main.m */; };
		7385ABC11E66934E001E74E1 /* Assets.xcassets in Resources */ = {isa = PBXBuildFile; fileRef = 7385ABC01E66934E001E74E1 /* Assets.xcassets */; };
		739004121EC0224A00BBBF77 /* MainMenu.xib in Resources */ = {isa = PBXBuildFile; fileRef = 739004111EC0224A00BBBF77 /* MainMenu.xib */; };
		739004141EC0226400BBBF77 /* AppDelegate.m in Sources */ = {isa = PBXBuildFile; fileRef = 739004131EC0226400BBBF77 /* AppDelegate.m */; };
		739004191EC031A600BBBF77 /* Base64ViewController.m in Sources */ = {isa = PBXBuildFile; fileRef = 739004171EC031A600BBBF77 /* Base64ViewController.m */; };
		7390041A1EC031A600BBBF77 /* Base64ViewController.xib in Resources */ = {isa = PBXBuildFile; fileRef = 739004181EC031A600BBBF77 /* Base64ViewController.xib */; };
		739004301EC053B900BBBF77 /* HashViewController.m in Sources */ = {isa = PBXBuildFile; fileRef = 7390042E1EC053B900BBBF77 /* HashViewController.m */; };
		739004311EC053B900BBBF77 /* HashViewController.xib in Resources */ = {isa = PBXBuildFile; fileRef = 7390042F1EC053B900BBBF77 /* HashViewController.xib */; };
		73C36EE62100374E0095D529 /* NSData+LBXSM3.m in Sources */ = {isa = PBXBuildFile; fileRef = 73C36EE52100374E0095D529 /* NSData+LBXSM3.m */; };
		73D30D682101BC04007F5121 /* NSData+LBXConverter.m in Sources */ = {isa = PBXBuildFile; fileRef = 73D30D612101BC04007F5121 /* NSData+LBXConverter.m */; };
		73D30D692101BC04007F5121 /* NSString+LBXConverter.m in Sources */ = {isa = PBXBuildFile; fileRef = 73D30D622101BC04007F5121 /* NSString+LBXConverter.m */; };
		73D30D6A2101BC04007F5121 /* NSData+LBXBase64.m in Sources */ = {isa = PBXBuildFile; fileRef = 73D30D642101BC04007F5121 /* NSData+LBXBase64.m */; };
		73D30D6B2101BC04007F5121 /* NSString+LBXBase64.m in Sources */ = {isa = PBXBuildFile; fileRef = 73D30D662101BC04007F5121 /* NSString+LBXBase64.m */; };
		73D30D9921059213007F5121 /* LBXDataHandler.podspec in Resources */ = {isa = PBXBuildFile; fileRef = 73D30D9821059213007F5121 /* LBXDataHandler.podspec */; };
		73D30DCA2105CF08007F5121 /* NSDate+LBXConverter.m in Sources */ = {isa = PBXBuildFile; fileRef = 73D30DC92105CF08007F5121 /* NSDate+LBXConverter.m */; };
		8D00AA742574869D006C3956 /* libc++.1.tbd in Frameworks */ = {isa = PBXBuildFile; fileRef = 8D00AA732574869C006C3956 /* libc++.1.tbd */; };
		8D6B96DE25B557650069D637 /* LBXSM3.m in Sources */ = {isa = PBXBuildFile; fileRef = 8D6B96DD25B557650069D637 /* LBXSM3.m */; };
		8D6B96E225B561280069D637 /* NSDictionary+LBXConverter.m in Sources */ = {isa = PBXBuildFile; fileRef = 8D6B96E125B561280069D637 /* NSDictionary+LBXConverter.m */; };
		8D90CA4425CD21E3008B9962 /* LBXCustomBase64.m in Sources */ = {isa = PBXBuildFile; fileRef = 8D90CA4125CD21E3008B9962 /* LBXCustomBase64.m */; };
		8DCA2210265B5067003449F7 /* BarCodeViewController.m in Sources */ = {isa = PBXBuildFile; fileRef = 8DCA220E265B5067003449F7 /* BarCodeViewController.m */; };
		8DCA2211265B5067003449F7 /* BarCodeViewController.xib in Resources */ = {isa = PBXBuildFile; fileRef = 8DCA220F265B5067003449F7 /* BarCodeViewController.xib */; };
		8DD60860265C9F3E00B5B566 /* GPSConvertViewController.m in Sources */ = {isa = PBXBuildFile; fileRef = 8DD6085E265C9F3E00B5B566 /* GPSConvertViewController.m */; };
		8DD60861265C9F3E00B5B566 /* GPSConvertViewController.xib in Resources */ = {isa = PBXBuildFile; fileRef = 8DD6085F265C9F3E00B5B566 /* GPSConvertViewController.xib */; };
		8DD60864265CCB7B00B5B566 /* LocationManage.m in Sources */ = {isa = PBXBuildFile; fileRef = 8DD60863265CCB7B00B5B566 /* LocationManage.m */; };
		CB05D569528E14427CEC1A35 /* libPods-DataHandler.a in Frameworks */ = {isa = PBXBuildFile; fileRef = 5B5EB619C83E18E0B279C67A /* libPods-DataHandler.a */; };
/* End PBXBuildFile section */

/* Begin PBXFileReference section */
		3E61D1900E3DEA646B50B6D2 /* Pods-DataHandler.release.xcconfig */ = {isa = PBXFileReference; includeInIndex = 1; lastKnownFileType = text.xcconfig; name = "Pods-DataHandler.release.xcconfig"; path = "Pods/Target Support Files/Pods-DataHandler/Pods-DataHandler.release.xcconfig"; sourceTree = "<group>"; };
		46812439FA6BE43515E3EA19 /* Pods-DataHandler.debug.xcconfig */ = {isa = PBXFileReference; includeInIndex = 1; lastKnownFileType = text.xcconfig; name = "Pods-DataHandler.debug.xcconfig"; path = "Pods/Target Support Files/Pods-DataHandler/Pods-DataHandler.debug.xcconfig"; sourceTree = "<group>"; };
		5B5EB619C83E18E0B279C67A /* libPods-DataHandler.a */ = {isa = PBXFileReference; explicitFileType = archive.ar; includeInIndex = 0; path = "libPods-DataHandler.a"; sourceTree = BUILT_PRODUCTS_DIR; };
		73378A621ED3E00E00F8E45F /* WorkingOnItViewController.h */ = {isa = PBXFileReference; fileEncoding = 4; lastKnownFileType = sourcecode.c.h; path = WorkingOnItViewController.h; sourceTree = "<group>"; };
		73378A631ED3E00E00F8E45F /* WorkingOnItViewController.m */ = {isa = PBXFileReference; fileEncoding = 4; lastKnownFileType = sourcecode.c.objc; path = WorkingOnItViewController.m; sourceTree = "<group>"; };
		73378A641ED3E00E00F8E45F /* WorkingOnItViewController.xib */ = {isa = PBXFileReference; fileEncoding = 4; lastKnownFileType = file.xib; path = WorkingOnItViewController.xib; sourceTree = "<group>"; };
		73378A671ED3E38D00F8E45F /* ConvertViewController.h */ = {isa = PBXFileReference; fileEncoding = 4; lastKnownFileType = sourcecode.c.h; path = ConvertViewController.h; sourceTree = "<group>"; };
		73378A681ED3E38D00F8E45F /* ConvertViewController.m */ = {isa = PBXFileReference; fileEncoding = 4; lastKnownFileType = sourcecode.c.objc; path = ConvertViewController.m; sourceTree = "<group>"; };
		73378A691ED3E38D00F8E45F /* ConvertViewController.xib */ = {isa = PBXFileReference; fileEncoding = 4; lastKnownFileType = file.xib; path = ConvertViewController.xib; sourceTree = "<group>"; };
		73378A6E1ED414BB00F8E45F /* LBXCertificate.h */ = {isa = PBXFileReference; fileEncoding = 4; lastKnownFileType = sourcecode.c.h; path = LBXCertificate.h; sourceTree = "<group>"; };
		73378A6F1ED414BB00F8E45F /* LBXCertificate.m */ = {isa = PBXFileReference; fileEncoding = 4; lastKnownFileType = sourcecode.c.objc; path = LBXCertificate.m; sourceTree = "<group>"; };
		73378A701ED414BB00F8E45F /* LBXRSAVendor.h */ = {isa = PBXFileReference; fileEncoding = 4; lastKnownFileType = sourcecode.c.h; path = LBXRSAVendor.h; sourceTree = "<group>"; };
		73378A711ED414BB00F8E45F /* LBXRSAVendor.mm */ = {isa = PBXFileReference; fileEncoding = 4; lastKnownFileType = sourcecode.cpp.objcpp; path = LBXRSAVendor.mm; sourceTree = "<group>"; };
		73378A751ED41A4100F8E45F /* ParseCertifiationController.h */ = {isa = PBXFileReference; fileEncoding = 4; lastKnownFileType = sourcecode.c.h; path = ParseCertifiationController.h; sourceTree = "<group>"; };
		73378A761ED41A4100F8E45F /* ParseCertifiationController.m */ = {isa = PBXFileReference; fileEncoding = 4; lastKnownFileType = sourcecode.c.objc; path = ParseCertifiationController.m; sourceTree = "<group>"; };
		73378A771ED41A4100F8E45F /* ParseCertifiationController.xib */ = {isa = PBXFileReference; fileEncoding = 4; lastKnownFileType = file.xib; path = ParseCertifiationController.xib; sourceTree = "<group>"; };
		733FE4821EC982D100046FBA /* LBXBigNum.h */ = {isa = PBXFileReference; fileEncoding = 4; lastKnownFileType = sourcecode.c.h; path = LBXBigNum.h; sourceTree = "<group>"; };
		733FE4831EC982D100046FBA /* LBXBigNum.m */ = {isa = PBXFileReference; fileEncoding = 4; lastKnownFileType = sourcecode.c.objc; path = LBXBigNum.m; sourceTree = "<group>"; };
		7340FCE91ED6FF83007A06AD /* HistortyData.h */ = {isa = PBXFileReference; fileEncoding = 4; lastKnownFileType = sourcecode.c.h; path = HistortyData.h; sourceTree = "<group>"; };
		7340FCEA1ED6FF83007A06AD /* HistortyData.m */ = {isa = PBXFileReference; fileEncoding = 4; lastKnownFileType = sourcecode.c.objc; path = HistortyData.m; sourceTree = "<group>"; };
		7340FCEC1ED6FF8C007A06AD /* NSUserDefaults+LBXExtensions.h */ = {isa = PBXFileReference; fileEncoding = 4; lastKnownFileType = sourcecode.c.h; path = "NSUserDefaults+LBXExtensions.h"; sourceTree = "<group>"; };
		7340FCED1ED6FF8C007A06AD /* NSUserDefaults+LBXExtensions.m */ = {isa = PBXFileReference; fileEncoding = 4; lastKnownFileType = sourcecode.c.objc; path = "NSUserDefaults+LBXExtensions.m"; sourceTree = "<group>"; };
		73487D7B212CF3E400B8FA69 /* adler32.h */ = {isa = PBXFileReference; fileEncoding = 4; lastKnownFileType = sourcecode.c.h; path = adler32.h; sourceTree = "<group>"; };
		73487D7C212CF3E400B8FA69 /* adler32.c */ = {isa = PBXFileReference; fileEncoding = 4; lastKnownFileType = sourcecode.c.c; path = adler32.c; sourceTree = "<group>"; };
		734C7A412122833200D0E2FD /* LBXDataHandler.h */ = {isa = PBXFileReference; lastKnownFileType = sourcecode.c.h; path = LBXDataHandler.h; sourceTree = "<group>"; };
		734F45671EC2A05200C9E56B /* NSData+LBXHash.h */ = {isa = PBXFileReference; fileEncoding = 4; lastKnownFileType = sourcecode.c.h; path = "NSData+LBXHash.h"; sourceTree = "<group>"; };
		734F45681EC2A05200C9E56B /* NSData+LBXHash.m */ = {isa = PBXFileReference; fileEncoding = 4; lastKnownFileType = sourcecode.c.objc; path = "NSData+LBXHash.m"; sourceTree = "<group>"; };
		734F45691EC2A05200C9E56B /* NSString+LBXFileHash.h */ = {isa = PBXFileReference; fileEncoding = 4; lastKnownFileType = sourcecode.c.h; path = "NSString+LBXFileHash.h"; sourceTree = "<group>"; };
		734F456A1EC2A05200C9E56B /* NSString+LBXFileHash.m */ = {isa = PBXFileReference; fileEncoding = 4; lastKnownFileType = sourcecode.c.objc; path = "NSString+LBXFileHash.m"; sourceTree = "<group>"; };
		734F456C1EC2A05200C9E56B /* keccak.m */ = {isa = PBXFileReference; fileEncoding = 4; lastKnownFileType = sourcecode.c.objc; path = keccak.m; sourceTree = "<group>"; };
		734F456D1EC2A05200C9E56B /* keccak.h */ = {isa = PBXFileReference; fileEncoding = 4; lastKnownFileType = sourcecode.c.h; path = keccak.h; sourceTree = "<group>"; };
		734F45761EC2A05200C9E56B /* NSData+LBXCommonCrypto.h */ = {isa = PBXFileReference; fileEncoding = 4; lastKnownFileType = sourcecode.c.h; path = "NSData+LBXCommonCrypto.h"; sourceTree = "<group>"; };
		734F45771EC2A05200C9E56B /* NSData+LBXCommonCrypto.m */ = {isa = PBXFileReference; fileEncoding = 4; lastKnownFileType = sourcecode.c.objc; path = "NSData+LBXCommonCrypto.m"; sourceTree = "<group>"; };
		734F45811EC2A07400C9E56B /* NSData+LBXCrypt.h */ = {isa = PBXFileReference; fileEncoding = 4; lastKnownFileType = sourcecode.c.h; path = "NSData+LBXCrypt.h"; sourceTree = "<group>"; };
		734F45821EC2A07400C9E56B /* NSData+LBXCypt.m */ = {isa = PBXFileReference; fileEncoding = 4; lastKnownFileType = sourcecode.c.objc; path = "NSData+LBXCypt.m"; sourceTree = "<group>"; };
		734F45841EC2C58300C9E56B /* NSData+LBXPadding.h */ = {isa = PBXFileReference; fileEncoding = 4; lastKnownFileType = sourcecode.c.h; path = "NSData+LBXPadding.h"; sourceTree = "<group>"; };
		734F45851EC2C58300C9E56B /* NSData+LBXPadding.m */ = {isa = PBXFileReference; fileEncoding = 4; lastKnownFileType = sourcecode.c.objc; path = "NSData+LBXPadding.m"; sourceTree = "<group>"; };
		734F45871EC3176600C9E56B /* CryptViewController.h */ = {isa = PBXFileReference; fileEncoding = 4; lastKnownFileType = sourcecode.c.h; path = CryptViewController.h; sourceTree = "<group>"; };
		734F45881EC3176600C9E56B /* CryptViewController.m */ = {isa = PBXFileReference; fileEncoding = 4; lastKnownFileType = sourcecode.c.objc; path = CryptViewController.m; sourceTree = "<group>"; };
		734F45891EC3176600C9E56B /* CryptViewController.xib */ = {isa = PBXFileReference; fileEncoding = 4; lastKnownFileType = file.xib; path = CryptViewController.xib; sourceTree = "<group>"; };
		735C24731EC4547100D604C8 /* NSData+LBXSM4.h */ = {isa = PBXFileReference; fileEncoding = 4; lastKnownFileType = sourcecode.c.h; path = "NSData+LBXSM4.h"; sourceTree = "<group>"; };
		735C24741EC4547100D604C8 /* NSData+LBXSM4.m */ = {isa = PBXFileReference; fileEncoding = 4; lastKnownFileType = sourcecode.c.objc; path = "NSData+LBXSM4.m"; sourceTree = "<group>"; };
		735C24761EC4571E00D604C8 /* sm4.m */ = {isa = PBXFileReference; fileEncoding = 4; lastKnownFileType = sourcecode.c.objc; path = sm4.m; sourceTree = "<group>"; };
		735C24771EC4571E00D604C8 /* sm4.h */ = {isa = PBXFileReference; fileEncoding = 4; lastKnownFileType = sourcecode.c.h; path = sm4.h; sourceTree = "<group>"; };
		735C247C1EC45BE300D604C8 /* LBXCryptDefines.h */ = {isa = PBXFileReference; lastKnownFileType = sourcecode.c.h; path = LBXCryptDefines.h; sourceTree = "<group>"; };
		7385ABB71E66934E001E74E1 /* DataHandler.app */ = {isa = PBXFileReference; explicitFileType = wrapper.application; includeInIndex = 0; path = DataHandler.app; sourceTree = BUILT_PRODUCTS_DIR; };
		7385ABBA1E66934E001E74E1 /* AppDelegate.h */ = {isa = PBXFileReference; lastKnownFileType = sourcecode.c.h; path = AppDelegate.h; sourceTree = "<group>"; };
		7385ABBE1E66934E001E74E1 /* main.m */ = {isa = PBXFileReference; lastKnownFileType = sourcecode.c.objc; path = main.m; sourceTree = "<group>"; };
		7385ABC01E66934E001E74E1 /* Assets.xcassets */ = {isa = PBXFileReference; lastKnownFileType = folder.assetcatalog; path = Assets.xcassets; sourceTree = "<group>"; };
		7385ABC51E66934E001E74E1 /* Info.plist */ = {isa = PBXFileReference; lastKnownFileType = text.plist.xml; path = Info.plist; sourceTree = "<group>"; };
		739004111EC0224A00BBBF77 /* MainMenu.xib */ = {isa = PBXFileReference; fileEncoding = 4; lastKnownFileType = file.xib; path = MainMenu.xib; sourceTree = "<group>"; };
		739004131EC0226400BBBF77 /* AppDelegate.m */ = {isa = PBXFileReference; fileEncoding = 4; lastKnownFileType = sourcecode.c.objc; path = AppDelegate.m; sourceTree = "<group>"; };
		739004161EC031A600BBBF77 /* Base64ViewController.h */ = {isa = PBXFileReference; fileEncoding = 4; lastKnownFileType = sourcecode.c.h; path = Base64ViewController.h; sourceTree = "<group>"; };
		739004171EC031A600BBBF77 /* Base64ViewController.m */ = {isa = PBXFileReference; fileEncoding = 4; lastKnownFileType = sourcecode.c.objc; path = Base64ViewController.m; sourceTree = "<group>"; };
		739004181EC031A600BBBF77 /* Base64ViewController.xib */ = {isa = PBXFileReference; fileEncoding = 4; lastKnownFileType = file.xib; path = Base64ViewController.xib; sourceTree = "<group>"; };
		7390042D1EC053B900BBBF77 /* HashViewController.h */ = {isa = PBXFileReference; fileEncoding = 4; lastKnownFileType = sourcecode.c.h; path = HashViewController.h; sourceTree = "<group>"; };
		7390042E1EC053B900BBBF77 /* HashViewController.m */ = {isa = PBXFileReference; fileEncoding = 4; lastKnownFileType = sourcecode.c.objc; path = HashViewController.m; sourceTree = "<group>"; };
		7390042F1EC053B900BBBF77 /* HashViewController.xib */ = {isa = PBXFileReference; fileEncoding = 4; lastKnownFileType = file.xib; path = HashViewController.xib; sourceTree = "<group>"; };
		73C36EE42100374D0095D529 /* NSData+LBXSM3.h */ = {isa = PBXFileReference; fileEncoding = 4; lastKnownFileType = sourcecode.c.h; path = "NSData+LBXSM3.h"; sourceTree = "<group>"; };
		73C36EE52100374E0095D529 /* NSData+LBXSM3.m */ = {isa = PBXFileReference; fileEncoding = 4; lastKnownFileType = sourcecode.c.objc; path = "NSData+LBXSM3.m"; sourceTree = "<group>"; };
		73D30D5D2101BB54007F5121 /* PrefixHeader.pch */ = {isa = PBXFileReference; lastKnownFileType = sourcecode.c.h; path = PrefixHeader.pch; sourceTree = "<group>"; };
		73D30D5F2101BC04007F5121 /* NSString+LBXConverter.h */ = {isa = PBXFileReference; fileEncoding = 4; lastKnownFileType = sourcecode.c.h; path = "NSString+LBXConverter.h"; sourceTree = "<group>"; };
		73D30D602101BC04007F5121 /* NSData+LBXConverter.h */ = {isa = PBXFileReference; fileEncoding = 4; lastKnownFileType = sourcecode.c.h; path = "NSData+LBXConverter.h"; sourceTree = "<group>"; };
		73D30D612101BC04007F5121 /* NSData+LBXConverter.m */ = {isa = PBXFileReference; fileEncoding = 4; lastKnownFileType = sourcecode.c.objc; path = "NSData+LBXConverter.m"; sourceTree = "<group>"; };
		73D30D622101BC04007F5121 /* NSString+LBXConverter.m */ = {isa = PBXFileReference; fileEncoding = 4; lastKnownFileType = sourcecode.c.objc; path = "NSString+LBXConverter.m"; sourceTree = "<group>"; };
		73D30D642101BC04007F5121 /* NSData+LBXBase64.m */ = {isa = PBXFileReference; fileEncoding = 4; lastKnownFileType = sourcecode.c.objc; path = "NSData+LBXBase64.m"; sourceTree = "<group>"; };
		73D30D652101BC04007F5121 /* NSString+LBXBase64.h */ = {isa = PBXFileReference; fileEncoding = 4; lastKnownFileType = sourcecode.c.h; path = "NSString+LBXBase64.h"; sourceTree = "<group>"; };
		73D30D662101BC04007F5121 /* NSString+LBXBase64.m */ = {isa = PBXFileReference; fileEncoding = 4; lastKnownFileType = sourcecode.c.objc; path = "NSString+LBXBase64.m"; sourceTree = "<group>"; };
		73D30D672101BC04007F5121 /* NSData+LBXBase64.h */ = {isa = PBXFileReference; fileEncoding = 4; lastKnownFileType = sourcecode.c.h; path = "NSData+LBXBase64.h"; sourceTree = "<group>"; };
		73D30D9821059213007F5121 /* LBXDataHandler.podspec */ = {isa = PBXFileReference; fileEncoding = 4; lastKnownFileType = text; path = LBXDataHandler.podspec; sourceTree = "<group>"; };
		73D30DC82105CF08007F5121 /* NSDate+LBXConverter.h */ = {isa = PBXFileReference; lastKnownFileType = sourcecode.c.h; path = "NSDate+LBXConverter.h"; sourceTree = "<group>"; };
		73D30DC92105CF08007F5121 /* NSDate+LBXConverter.m */ = {isa = PBXFileReference; lastKnownFileType = sourcecode.c.objc; path = "NSDate+LBXConverter.m"; sourceTree = "<group>"; };
		8D00AA732574869C006C3956 /* libc++.1.tbd */ = {isa = PBXFileReference; lastKnownFileType = "sourcecode.text-based-dylib-definition"; name = "libc++.1.tbd"; path = "usr/lib/libc++.1.tbd"; sourceTree = SDKROOT; };
		8D6B96DC25B557650069D637 /* LBXSM3.h */ = {isa = PBXFileReference; lastKnownFileType = sourcecode.c.h; path = LBXSM3.h; sourceTree = "<group>"; };
		8D6B96DD25B557650069D637 /* LBXSM3.m */ = {isa = PBXFileReference; lastKnownFileType = sourcecode.c.objc; path = LBXSM3.m; sourceTree = "<group>"; };
		8D6B96E025B561280069D637 /* NSDictionary+LBXConverter.h */ = {isa = PBXFileReference; lastKnownFileType = sourcecode.c.h; path = "NSDictionary+LBXConverter.h"; sourceTree = "<group>"; };
		8D6B96E125B561280069D637 /* NSDictionary+LBXConverter.m */ = {isa = PBXFileReference; lastKnownFileType = sourcecode.c.objc; path = "NSDictionary+LBXConverter.m"; sourceTree = "<group>"; };
		8D90CA4125CD21E3008B9962 /* LBXCustomBase64.m */ = {isa = PBXFileReference; fileEncoding = 4; lastKnownFileType = sourcecode.c.objc; path = LBXCustomBase64.m; sourceTree = "<group>"; };
		8D90CA4225CD21E3008B9962 /* LBXCustomDefines.h */ = {isa = PBXFileReference; fileEncoding = 4; lastKnownFileType = sourcecode.c.h; path = LBXCustomDefines.h; sourceTree = "<group>"; };
		8D90CA4325CD21E3008B9962 /* LBXCustomBase64.h */ = {isa = PBXFileReference; fileEncoding = 4; lastKnownFileType = sourcecode.c.h; path = LBXCustomBase64.h; sourceTree = "<group>"; };
		8DCA220D265B5067003449F7 /* BarCodeViewController.h */ = {isa = PBXFileReference; lastKnownFileType = sourcecode.c.h; path = BarCodeViewController.h; sourceTree = "<group>"; };
		8DCA220E265B5067003449F7 /* BarCodeViewController.m */ = {isa = PBXFileReference; lastKnownFileType = sourcecode.c.objc; path = BarCodeViewController.m; sourceTree = "<group>"; };
		8DCA220F265B5067003449F7 /* BarCodeViewController.xib */ = {isa = PBXFileReference; lastKnownFileType = file.xib; path = BarCodeViewController.xib; sourceTree = "<group>"; };
		8DD6085D265C9F3E00B5B566 /* GPSConvertViewController.h */ = {isa = PBXFileReference; lastKnownFileType = sourcecode.c.h; path = GPSConvertViewController.h; sourceTree = "<group>"; };
		8DD6085E265C9F3E00B5B566 /* GPSConvertViewController.m */ = {isa = PBXFileReference; lastKnownFileType = sourcecode.c.objc; path = GPSConvertViewController.m; sourceTree = "<group>"; };
		8DD6085F265C9F3E00B5B566 /* GPSConvertViewController.xib */ = {isa = PBXFileReference; lastKnownFileType = file.xib; path = GPSConvertViewController.xib; sourceTree = "<group>"; };
		8DD60862265CCB7B00B5B566 /* LocationManage.h */ = {isa = PBXFileReference; lastKnownFileType = sourcecode.c.h; path = LocationManage.h; sourceTree = "<group>"; };
		8DD60863265CCB7B00B5B566 /* LocationManage.m */ = {isa = PBXFileReference; lastKnownFileType = sourcecode.c.objc; path = LocationManage.m; sourceTree = "<group>"; };
/* End PBXFileReference section */

/* Begin PBXFrameworksBuildPhase section */
		7385ABB41E66934E001E74E1 /* Frameworks */ = {
			isa = PBXFrameworksBuildPhase;
			buildActionMask = 2147483647;
			files = (
				8D00AA742574869D006C3956 /* libc++.1.tbd in Frameworks */,
				CB05D569528E14427CEC1A35 /* libPods-DataHandler.a in Frameworks */,
			);
			runOnlyForDeploymentPostprocessing = 0;
		};
/* End PBXFrameworksBuildPhase section */

/* Begin PBXGroup section */
		0A7828BE00FAFE650E019A62 /* Pods */ = {
			isa = PBXGroup;
			children = (
				46812439FA6BE43515E3EA19 /* Pods-DataHandler.debug.xcconfig */,
				3E61D1900E3DEA646B50B6D2 /* Pods-DataHandler.release.xcconfig */,
			);
			name = Pods;
			sourceTree = "<group>";
		};
		53D2F8C9BBB094FBBF7169F6 /* Frameworks */ = {
			isa = PBXGroup;
			children = (
				8D00AA732574869C006C3956 /* libc++.1.tbd */,
				5B5EB619C83E18E0B279C67A /* libPods-DataHandler.a */,
			);
			name = Frameworks;
			sourceTree = "<group>";
		};
		73378A6C1ED414BB00F8E45F /* RSA */ = {
			isa = PBXGroup;
			children = (
				73378A6E1ED414BB00F8E45F /* LBXCertificate.h */,
				73378A6F1ED414BB00F8E45F /* LBXCertificate.m */,
				73378A701ED414BB00F8E45F /* LBXRSAVendor.h */,
				73378A711ED414BB00F8E45F /* LBXRSAVendor.mm */,
			);
			path = RSA;
			sourceTree = "<group>";
		};
		733FE4811EC982BC00046FBA /* OpenSSL */ = {
			isa = PBXGroup;
			children = (
				73378A6C1ED414BB00F8E45F /* RSA */,
				733FE4821EC982D100046FBA /* LBXBigNum.h */,
				733FE4831EC982D100046FBA /* LBXBigNum.m */,
			);
			path = OpenSSL;
			sourceTree = "<group>";
		};
		7340FCE81ED6FF83007A06AD /* DataStore */ = {
			isa = PBXGroup;
			children = (
				7340FCEC1ED6FF8C007A06AD /* NSUserDefaults+LBXExtensions.h */,
				7340FCED1ED6FF8C007A06AD /* NSUserDefaults+LBXExtensions.m */,
				7340FCE91ED6FF83007A06AD /* HistortyData.h */,
				7340FCEA1ED6FF83007A06AD /* HistortyData.m */,
			);
			path = DataStore;
			sourceTree = "<group>";
		};
		73487D7A212CF3C500B8FA69 /* Adler32 */ = {
			isa = PBXGroup;
			children = (
				73487D7C212CF3E400B8FA69 /* adler32.c */,
				73487D7B212CF3E400B8FA69 /* adler32.h */,
			);
			path = Adler32;
			sourceTree = "<group>";
		};
		734F45611EC2A05200C9E56B /* LBXDataHandler */ = {
			isa = PBXGroup;
			children = (
				734C7A412122833200D0E2FD /* LBXDataHandler.h */,
				73D30D632101BC04007F5121 /* Base64 */,
				73D30D5E2101BC04007F5121 /* Converter */,
				73D30D5C2101893C007F5121 /* Crypto */,
				734F45661EC2A05200C9E56B /* HASH */,
			);
			path = LBXDataHandler;
			sourceTree = "<group>";
		};
		734F45661EC2A05200C9E56B /* HASH */ = {
			isa = PBXGroup;
			children = (
				73487D7A212CF3C500B8FA69 /* Adler32 */,
				734F45671EC2A05200C9E56B /* NSData+LBXHash.h */,
				734F45681EC2A05200C9E56B /* NSData+LBXHash.m */,
				734F45691EC2A05200C9E56B /* NSString+LBXFileHash.h */,
				734F456A1EC2A05200C9E56B /* NSString+LBXFileHash.m */,
				734F456B1EC2A05200C9E56B /* keccak */,
				734F45721EC2A05200C9E56B /* SM3 */,
			);
			path = HASH;
			sourceTree = "<group>";
		};
		734F456B1EC2A05200C9E56B /* keccak */ = {
			isa = PBXGroup;
			children = (
				734F456C1EC2A05200C9E56B /* keccak.m */,
				734F456D1EC2A05200C9E56B /* keccak.h */,
			);
			path = keccak;
			sourceTree = "<group>";
		};
		734F45721EC2A05200C9E56B /* SM3 */ = {
			isa = PBXGroup;
			children = (
				73C36EE42100374D0095D529 /* NSData+LBXSM3.h */,
				73C36EE52100374E0095D529 /* NSData+LBXSM3.m */,
				8D6B96DC25B557650069D637 /* LBXSM3.h */,
				8D6B96DD25B557650069D637 /* LBXSM3.m */,
			);
			path = SM3;
			sourceTree = "<group>";
		};
		735C246F1EC4527E00D604C8 /* SM4 */ = {
			isa = PBXGroup;
			children = (
				735C24761EC4571E00D604C8 /* sm4.m */,
				735C24771EC4571E00D604C8 /* sm4.h */,
				735C24731EC4547100D604C8 /* NSData+LBXSM4.h */,
				735C24741EC4547100D604C8 /* NSData+LBXSM4.m */,
			);
			path = SM4;
			sourceTree = "<group>";
		};
		7385ABAE1E66934E001E74E1 = {
			isa = PBXGroup;
			children = (
				73D30D9821059213007F5121 /* LBXDataHandler.podspec */,
				73D30D5D2101BB54007F5121 /* PrefixHeader.pch */,
				739004211EC04C4D00BBBF77 /* Model */,
				739004151EC0318F00BBBF77 /* Controller */,
				7385ABB91E66934E001E74E1 /* DataHandler */,
				7385ABB81E66934E001E74E1 /* Products */,
				0A7828BE00FAFE650E019A62 /* Pods */,
				53D2F8C9BBB094FBBF7169F6 /* Frameworks */,
			);
			sourceTree = "<group>";
		};
		7385ABB81E66934E001E74E1 /* Products */ = {
			isa = PBXGroup;
			children = (
				7385ABB71E66934E001E74E1 /* DataHandler.app */,
			);
			name = Products;
			sourceTree = "<group>";
		};
		7385ABB91E66934E001E74E1 /* DataHandler */ = {
			isa = PBXGroup;
			children = (
				7385ABBA1E66934E001E74E1 /* AppDelegate.h */,
				739004131EC0226400BBBF77 /* AppDelegate.m */,
				7385ABC01E66934E001E74E1 /* Assets.xcassets */,
				739004111EC0224A00BBBF77 /* MainMenu.xib */,
				7385ABC51E66934E001E74E1 /* Info.plist */,
				7385ABBD1E66934E001E74E1 /* Supporting Files */,
			);
			path = DataHandler;
			sourceTree = "<group>";
		};
		7385ABBD1E66934E001E74E1 /* Supporting Files */ = {
			isa = PBXGroup;
			children = (
				7385ABBE1E66934E001E74E1 /* main.m */,
			);
			name = "Supporting Files";
			sourceTree = "<group>";
		};
		739004151EC0318F00BBBF77 /* Controller */ = {
			isa = PBXGroup;
			children = (
				7340FCE81ED6FF83007A06AD /* DataStore */,
				739004161EC031A600BBBF77 /* Base64ViewController.h */,
				739004171EC031A600BBBF77 /* Base64ViewController.m */,
				739004181EC031A600BBBF77 /* Base64ViewController.xib */,
				7390042D1EC053B900BBBF77 /* HashViewController.h */,
				7390042E1EC053B900BBBF77 /* HashViewController.m */,
				7390042F1EC053B900BBBF77 /* HashViewController.xib */,
				734F45871EC3176600C9E56B /* CryptViewController.h */,
				734F45881EC3176600C9E56B /* CryptViewController.m */,
				734F45891EC3176600C9E56B /* CryptViewController.xib */,
				73378A621ED3E00E00F8E45F /* WorkingOnItViewController.h */,
				73378A631ED3E00E00F8E45F /* WorkingOnItViewController.m */,
				73378A641ED3E00E00F8E45F /* WorkingOnItViewController.xib */,
				73378A671ED3E38D00F8E45F /* ConvertViewController.h */,
				73378A681ED3E38D00F8E45F /* ConvertViewController.m */,
				73378A691ED3E38D00F8E45F /* ConvertViewController.xib */,
				73378A751ED41A4100F8E45F /* ParseCertifiationController.h */,
				73378A761ED41A4100F8E45F /* ParseCertifiationController.m */,
				73378A771ED41A4100F8E45F /* ParseCertifiationController.xib */,
				8DCA220D265B5067003449F7 /* BarCodeViewController.h */,
				8DCA220E265B5067003449F7 /* BarCodeViewController.m */,
				8DCA220F265B5067003449F7 /* BarCodeViewController.xib */,
				8DD6085D265C9F3E00B5B566 /* GPSConvertViewController.h */,
				8DD6085E265C9F3E00B5B566 /* GPSConvertViewController.m */,
				8DD6085F265C9F3E00B5B566 /* GPSConvertViewController.xib */,
				8DD60862265CCB7B00B5B566 /* LocationManage.h */,
				8DD60863265CCB7B00B5B566 /* LocationManage.m */,
			);
			path = Controller;
			sourceTree = "<group>";
		};
		739004211EC04C4D00BBBF77 /* Model */ = {
			isa = PBXGroup;
			children = (
				733FE4811EC982BC00046FBA /* OpenSSL */,
				734F45611EC2A05200C9E56B /* LBXDataHandler */,
			);
			path = Model;
			sourceTree = "<group>";
		};
		73D30D5C2101893C007F5121 /* Crypto */ = {
			isa = PBXGroup;
			children = (
				735C246F1EC4527E00D604C8 /* SM4 */,
				734F45761EC2A05200C9E56B /* NSData+LBXCommonCrypto.h */,
				734F45771EC2A05200C9E56B /* NSData+LBXCommonCrypto.m */,
				734F45811EC2A07400C9E56B /* NSData+LBXCrypt.h */,
				734F45821EC2A07400C9E56B /* NSData+LBXCypt.m */,
				734F45841EC2C58300C9E56B /* NSData+LBXPadding.h */,
				734F45851EC2C58300C9E56B /* NSData+LBXPadding.m */,
				735C247C1EC45BE300D604C8 /* LBXCryptDefines.h */,
			);
			path = Crypto;
			sourceTree = "<group>";
		};
		73D30D5E2101BC04007F5121 /* Converter */ = {
			isa = PBXGroup;
			children = (
				73D30D602101BC04007F5121 /* NSData+LBXConverter.h */,
				73D30D612101BC04007F5121 /* NSData+LBXConverter.m */,
				73D30D5F2101BC04007F5121 /* NSString+LBXConverter.h */,
				73D30D622101BC04007F5121 /* NSString+LBXConverter.m */,
				73D30DC82105CF08007F5121 /* NSDate+LBXConverter.h */,
				73D30DC92105CF08007F5121 /* NSDate+LBXConverter.m */,
				8D6B96E025B561280069D637 /* NSDictionary+LBXConverter.h */,
				8D6B96E125B561280069D637 /* NSDictionary+LBXConverter.m */,
			);
			path = Converter;
			sourceTree = "<group>";
		};
		73D30D632101BC04007F5121 /* Base64 */ = {
			isa = PBXGroup;
			children = (
				8D90CA4325CD21E3008B9962 /* LBXCustomBase64.h */,
				8D90CA4125CD21E3008B9962 /* LBXCustomBase64.m */,
				8D90CA4225CD21E3008B9962 /* LBXCustomDefines.h */,
				73D30D672101BC04007F5121 /* NSData+LBXBase64.h */,
				73D30D642101BC04007F5121 /* NSData+LBXBase64.m */,
				73D30D652101BC04007F5121 /* NSString+LBXBase64.h */,
				73D30D662101BC04007F5121 /* NSString+LBXBase64.m */,
			);
			path = Base64;
			sourceTree = "<group>";
		};
/* End PBXGroup section */

/* Begin PBXNativeTarget section */
		7385ABB61E66934E001E74E1 /* DataHandler */ = {
			isa = PBXNativeTarget;
			buildConfigurationList = 7385ABC81E66934E001E74E1 /* Build configuration list for PBXNativeTarget "DataHandler" */;
			buildPhases = (
				FEB3DF583163271469F47B05 /* [CP] Check Pods Manifest.lock */,
				7385ABB31E66934E001E74E1 /* Sources */,
				7385ABB41E66934E001E74E1 /* Frameworks */,
				7385ABB51E66934E001E74E1 /* Resources */,
			);
			buildRules = (
			);
			dependencies = (
			);
			name = DataHandler;
			productName = DataHandler;
			productReference = 7385ABB71E66934E001E74E1 /* DataHandler.app */;
			productType = "com.apple.product-type.application";
		};
/* End PBXNativeTarget section */

/* Begin PBXProject section */
		7385ABAF1E66934E001E74E1 /* Project object */ = {
			isa = PBXProject;
			attributes = {
				LastUpgradeCheck = 0820;
				ORGANIZATIONNAME = LBX;
				TargetAttributes = {
					7385ABB61E66934E001E74E1 = {
						CreatedOnToolsVersion = 8.2.1;
						DevelopmentTeam = 8LQ7CL73D8;
						ProvisioningStyle = Automatic;
					};
				};
			};
			buildConfigurationList = 7385ABB21E66934E001E74E1 /* Build configuration list for PBXProject "DataHandler" */;
			compatibilityVersion = "Xcode 9.3";
			developmentRegion = English;
			hasScannedForEncodings = 0;
			knownRegions = (
				en,
				Base,
				English,
			);
			mainGroup = 7385ABAE1E66934E001E74E1;
			productRefGroup = 7385ABB81E66934E001E74E1 /* Products */;
			projectDirPath = "";
			projectRoot = "";
			targets = (
				7385ABB61E66934E001E74E1 /* DataHandler */,
			);
		};
/* End PBXProject section */

/* Begin PBXResourcesBuildPhase section */
		7385ABB51E66934E001E74E1 /* Resources */ = {
			isa = PBXResourcesBuildPhase;
			buildActionMask = 2147483647;
			files = (
				734F458B1EC3176600C9E56B /* CryptViewController.xib in Resources */,
				73378A6B1ED3E38D00F8E45F /* ConvertViewController.xib in Resources */,
				7385ABC11E66934E001E74E1 /* Assets.xcassets in Resources */,
				73D30D9921059213007F5121 /* LBXDataHandler.podspec in Resources */,
				739004121EC0224A00BBBF77 /* MainMenu.xib in Resources */,
				739004311EC053B900BBBF77 /* HashViewController.xib in Resources */,
				73378A791ED41A4100F8E45F /* ParseCertifiationController.xib in Resources */,
				8DCA2211265B5067003449F7 /* BarCodeViewController.xib in Resources */,
				73378A661ED3E00E00F8E45F /* WorkingOnItViewController.xib in Resources */,
				8DD60861265C9F3E00B5B566 /* GPSConvertViewController.xib in Resources */,
				7390041A1EC031A600BBBF77 /* Base64ViewController.xib in Resources */,
			);
			runOnlyForDeploymentPostprocessing = 0;
		};
/* End PBXResourcesBuildPhase section */

/* Begin PBXShellScriptBuildPhase section */
		FEB3DF583163271469F47B05 /* [CP] Check Pods Manifest.lock */ = {
			isa = PBXShellScriptBuildPhase;
			buildActionMask = 2147483647;
			files = (
			);
			inputPaths = (
				"${PODS_PODFILE_DIR_PATH}/Podfile.lock",
				"${PODS_ROOT}/Manifest.lock",
			);
			name = "[CP] Check Pods Manifest.lock";
			outputPaths = (
				"$(DERIVED_FILE_DIR)/Pods-DataHandler-checkManifestLockResult.txt",
			);
			runOnlyForDeploymentPostprocessing = 0;
			shellPath = /bin/sh;
			shellScript = "diff \"${PODS_PODFILE_DIR_PATH}/Podfile.lock\" \"${PODS_ROOT}/Manifest.lock\" > /dev/null\nif [ $? != 0 ] ; then\n    # print error to STDERR\n    echo \"error: The sandbox is not in sync with the Podfile.lock. Run 'pod install' or update your CocoaPods installation.\" >&2\n    exit 1\nfi\n# This output is used by Xcode 'outputs' to avoid re-running this script phase.\necho \"SUCCESS\" > \"${SCRIPT_OUTPUT_FILE_0}\"\n";
			showEnvVarsInLog = 0;
		};
/* End PBXShellScriptBuildPhase section */

/* Begin PBXSourcesBuildPhase section */
		7385ABB31E66934E001E74E1 /* Sources */ = {
			isa = PBXSourcesBuildPhase;
			buildActionMask = 2147483647;
			files = (
				8D6B96E225B561280069D637 /* NSDictionary+LBXConverter.m in Sources */,
				8DCA2210265B5067003449F7 /* BarCodeViewController.m in Sources */,
				73378A781ED41A4100F8E45F /* ParseCertifiationController.m in Sources */,
				735C24751EC4547100D604C8 /* NSData+LBXSM4.m in Sources */,
				734F45831EC2A07400C9E56B /* NSData+LBXCypt.m in Sources */,
				7385ABBF1E66934E001E74E1 /* main.m in Sources */,
				734F457A1EC2A05200C9E56B /* NSString+LBXFileHash.m in Sources */,
				73D30D6B2101BC04007F5121 /* NSString+LBXBase64.m in Sources */,
				734F458A1EC3176600C9E56B /* CryptViewController.m in Sources */,
				734F45791EC2A05200C9E56B /* NSData+LBXHash.m in Sources */,
				73D30DCA2105CF08007F5121 /* NSDate+LBXConverter.m in Sources */,
				735C24781EC4571E00D604C8 /* sm4.m in Sources */,
				73D30D682101BC04007F5121 /* NSData+LBXConverter.m in Sources */,
				73487D7D212CF3E400B8FA69 /* adler32.c in Sources */,
				734F45801EC2A05200C9E56B /* NSData+LBXCommonCrypto.m in Sources */,
				7340FCEB1ED6FF83007A06AD /* HistortyData.m in Sources */,
				734F45861EC2C58300C9E56B /* NSData+LBXPadding.m in Sources */,
				7340FCEE1ED6FF8C007A06AD /* NSUserDefaults+LBXExtensions.m in Sources */,
				73C36EE62100374E0095D529 /* NSData+LBXSM3.m in Sources */,
				73378A651ED3E00E00F8E45F /* WorkingOnItViewController.m in Sources */,
				733FE4841EC982D100046FBA /* LBXBigNum.m in Sources */,
				73378A6A1ED3E38D00F8E45F /* ConvertViewController.m in Sources */,
				73378A741ED414BB00F8E45F /* LBXRSAVendor.mm in Sources */,
				734F457B1EC2A05200C9E56B /* keccak.m in Sources */,
				73D30D692101BC04007F5121 /* NSString+LBXConverter.m in Sources */,
				8DD60864265CCB7B00B5B566 /* LocationManage.m in Sources */,
				73378A731ED414BB00F8E45F /* LBXCertificate.m in Sources */,
				8D6B96DE25B557650069D637 /* LBXSM3.m in Sources */,
				739004301EC053B900BBBF77 /* HashViewController.m in Sources */,
				739004141EC0226400BBBF77 /* AppDelegate.m in Sources */,
				739004191EC031A600BBBF77 /* Base64ViewController.m in Sources */,
				8DD60860265C9F3E00B5B566 /* GPSConvertViewController.m in Sources */,
				8D90CA4425CD21E3008B9962 /* LBXCustomBase64.m in Sources */,
				73D30D6A2101BC04007F5121 /* NSData+LBXBase64.m in Sources */,
			);
			runOnlyForDeploymentPostprocessing = 0;
		};
/* End PBXSourcesBuildPhase section */

/* Begin XCBuildConfiguration section */
		7385ABC61E66934E001E74E1 /* Debug */ = {
			isa = XCBuildConfiguration;
			buildSettings = {
				ALWAYS_SEARCH_USER_PATHS = NO;
				CLANG_ANALYZER_NONNULL = YES;
				CLANG_CXX_LANGUAGE_STANDARD = "gnu++0x";
				CLANG_CXX_LIBRARY = "libc++";
				CLANG_ENABLE_MODULES = YES;
				CLANG_ENABLE_OBJC_ARC = YES;
				CLANG_WARN_BOOL_CONVERSION = YES;
				CLANG_WARN_CONSTANT_CONVERSION = YES;
				CLANG_WARN_DIRECT_OBJC_ISA_USAGE = YES_ERROR;
				CLANG_WARN_DOCUMENTATION_COMMENTS = YES;
				CLANG_WARN_EMPTY_BODY = YES;
				CLANG_WARN_ENUM_CONVERSION = YES;
				CLANG_WARN_INFINITE_RECURSION = YES;
				CLANG_WARN_INT_CONVERSION = YES;
				CLANG_WARN_OBJC_ROOT_CLASS = YES_ERROR;
				CLANG_WARN_SUSPICIOUS_MOVE = YES;
				CLANG_WARN_UNREACHABLE_CODE = YES;
				CLANG_WARN__DUPLICATE_METHOD_MATCH = YES;
				CODE_SIGN_IDENTITY = "-";
				COPY_PHASE_STRIP = NO;
				DEBUG_INFORMATION_FORMAT = dwarf;
				ENABLE_STRICT_OBJC_MSGSEND = YES;
				ENABLE_TESTABILITY = YES;
				GCC_C_LANGUAGE_STANDARD = gnu99;
				GCC_DYNAMIC_NO_PIC = NO;
				GCC_NO_COMMON_BLOCKS = YES;
				GCC_OPTIMIZATION_LEVEL = 0;
				GCC_PREPROCESSOR_DEFINITIONS = (
					"DEBUG=1",
					"$(inherited)",
				);
				GCC_WARN_64_TO_32_BIT_CONVERSION = YES;
				GCC_WARN_ABOUT_RETURN_TYPE = YES_ERROR;
				GCC_WARN_UNDECLARED_SELECTOR = YES;
				GCC_WARN_UNINITIALIZED_AUTOS = YES_AGGRESSIVE;
				GCC_WARN_UNUSED_FUNCTION = YES;
				GCC_WARN_UNUSED_VARIABLE = YES;
				MACOSX_DEPLOYMENT_TARGET = 10.12;
				MTL_ENABLE_DEBUG_INFO = YES;
				ONLY_ACTIVE_ARCH = YES;
				SDKROOT = macosx;
			};
			name = Debug;
		};
		7385ABC71E66934E001E74E1 /* Release */ = {
			isa = XCBuildConfiguration;
			buildSettings = {
				ALWAYS_SEARCH_USER_PATHS = NO;
				CLANG_ANALYZER_NONNULL = YES;
				CLANG_CXX_LANGUAGE_STANDARD = "gnu++0x";
				CLANG_CXX_LIBRARY = "libc++";
				CLANG_ENABLE_MODULES = YES;
				CLANG_ENABLE_OBJC_ARC = YES;
				CLANG_WARN_BOOL_CONVERSION = YES;
				CLANG_WARN_CONSTANT_CONVERSION = YES;
				CLANG_WARN_DIRECT_OBJC_ISA_USAGE = YES_ERROR;
				CLANG_WARN_DOCUMENTATION_COMMENTS = YES;
				CLANG_WARN_EMPTY_BODY = YES;
				CLANG_WARN_ENUM_CONVERSION = YES;
				CLANG_WARN_INFINITE_RECURSION = YES;
				CLANG_WARN_INT_CONVERSION = YES;
				CLANG_WARN_OBJC_ROOT_CLASS = YES_ERROR;
				CLANG_WARN_SUSPICIOUS_MOVE = YES;
				CLANG_WARN_UNREACHABLE_CODE = YES;
				CLANG_WARN__DUPLICATE_METHOD_MATCH = YES;
				CODE_SIGN_IDENTITY = "-";
				COPY_PHASE_STRIP = NO;
				DEBUG_INFORMATION_FORMAT = "dwarf-with-dsym";
				ENABLE_NS_ASSERTIONS = NO;
				ENABLE_STRICT_OBJC_MSGSEND = YES;
				GCC_C_LANGUAGE_STANDARD = gnu99;
				GCC_NO_COMMON_BLOCKS = YES;
				GCC_WARN_64_TO_32_BIT_CONVERSION = YES;
				GCC_WARN_ABOUT_RETURN_TYPE = YES_ERROR;
				GCC_WARN_UNDECLARED_SELECTOR = YES;
				GCC_WARN_UNINITIALIZED_AUTOS = YES_AGGRESSIVE;
				GCC_WARN_UNUSED_FUNCTION = YES;
				GCC_WARN_UNUSED_VARIABLE = YES;
				MACOSX_DEPLOYMENT_TARGET = 10.12;
				MTL_ENABLE_DEBUG_INFO = NO;
				SDKROOT = macosx;
			};
			name = Release;
		};
		7385ABC91E66934E001E74E1 /* Debug */ = {
			isa = XCBuildConfiguration;
			baseConfigurationReference = 46812439FA6BE43515E3EA19 /* Pods-DataHandler.debug.xcconfig */;
			buildSettings = {
				ASSETCATALOG_COMPILER_APPICON_NAME = AppIcon;
				COMBINE_HIDPI_IMAGES = YES;
				DEVELOPMENT_TEAM = 8LQ7CL73D8;
				GCC_PRECOMPILE_PREFIX_HEADER = YES;
				GCC_PREFIX_HEADER = PrefixHeader.pch;
				INFOPLIST_FILE = DataHandler/Info.plist;
				LD_RUNPATH_SEARCH_PATHS = (
					"$(inherited)",
					"@executable_path/../Frameworks",
				);
				MACOSX_DEPLOYMENT_TARGET = 10.9;
				PRODUCT_BUNDLE_IDENTIFIER = com.lbx.DataHandler;
				PRODUCT_NAME = "$(TARGET_NAME)";
			};
			name = Debug;
		};
		7385ABCA1E66934E001E74E1 /* Release */ = {
			isa = XCBuildConfiguration;
			baseConfigurationReference = 3E61D1900E3DEA646B50B6D2 /* Pods-DataHandler.release.xcconfig */;
			buildSettings = {
				ASSETCATALOG_COMPILER_APPICON_NAME = AppIcon;
				COMBINE_HIDPI_IMAGES = YES;
				DEVELOPMENT_TEAM = 8LQ7CL73D8;
				GCC_PRECOMPILE_PREFIX_HEADER = YES;
				GCC_PREFIX_HEADER = PrefixHeader.pch;
				INFOPLIST_FILE = DataHandler/Info.plist;
				LD_RUNPATH_SEARCH_PATHS = (
					"$(inherited)",
					"@executable_path/../Frameworks",
				);
				MACOSX_DEPLOYMENT_TARGET = 10.9;
				PRODUCT_BUNDLE_IDENTIFIER = com.lbx.DataHandler;
				PRODUCT_NAME = "$(TARGET_NAME)";
			};
			name = Release;
		};
/* End XCBuildConfiguration section */

/* Begin XCConfigurationList section */
		7385ABB21E66934E001E74E1 /* Build configuration list for PBXProject "DataHandler" */ = {
			isa = XCConfigurationList;
			buildConfigurations = (
				7385ABC61E66934E001E74E1 /* Debug */,
				7385ABC71E66934E001E74E1 /* Release */,
			);
			defaultConfigurationIsVisible = 0;
			defaultConfigurationName = Release;
		};
		7385ABC81E66934E001E74E1 /* Build configuration list for PBXNativeTarget "DataHandler" */ = {
			isa = XCConfigurationList;
			buildConfigurations = (
				7385ABC91E66934E001E74E1 /* Debug */,
				7385ABCA1E66934E001E74E1 /* Release */,
			);
			defaultConfigurationIsVisible = 0;
			defaultConfigurationName = Release;
		};
/* End XCConfigurationList section */
	};
	rootObject = 7385ABAF1E66934E001E74E1 /* Project object */;
}
